PODS:
  - FlutterMacOS (1.0.0)
  - readability (0.0.1):
    - FlutterMacOS

DEPENDENCIES:
  - FlutterMacOS (from `Flutter/ephemeral`)
  - readability (from `Flutter/ephemeral/.symlinks/plugins/readability/macos`)

EXTERNAL SOURCES:
  FlutterMacOS:
    :path: Flutter/ephemeral
  readability:
    :path: Flutter/ephemeral/.symlinks/plugins/readability/macos

SPEC CHECKSUMS:
  FlutterMacOS: 8f6f14fa908a6fb3fba0cd85dbd81ec4b251fb24
  readability: 35e1151520d07d1afdf8647c55d311d8f272c98f

PODFILE CHECKSUM: 236401fc2c932af29a9fcf0e97baeeb2d750d367

COCOAPODS: 1.15.2
